{
  "version": 4,
  "terraform_version": "1.2.6",
  "serial": 37,
  "lineage": "b4c120c1-aef6-5271-5e4e-aaec53107e35",
  "outputs": {},
  "resources": [
    {
      "mode": "managed",
      "type": "google_cloud_run_service",
      "name": "default",
      "provider": "provider[\"registry.terraform.io/hashicorp/google\"]",
      "instances": [
        {
          "schema_version": 1,
          "attributes": {
            "autogenerate_revision_name": false,
            "id": "locations/asia-southeast1/namespaces/nuttee-lab-02/services/cloud-run-exec",
            "location": "asia-southeast1",
            "metadata": [
              {
                "annotations": {
                  "run.googleapis.com/ingress": "all",
                  "run.googleapis.com/ingress-status": "all",
                  "serving.knative.dev/creator": "admin@nuttee.altostrat.com",
                  "serving.knative.dev/lastModifier": "admin@nuttee.altostrat.com"
                },
                "generation": 2,
                "labels": {
                  "cloud.googleapis.com/location": "asia-southeast1"
                },
                "namespace": "nuttee-lab-02",
                "resource_version": "AAXnUB7M5No",
                "self_link": "/apis/serving.knative.dev/v1/namespaces/1089575221250/services/cloud-run-exec",
                "uid": "4e4b2299-589f-4fa3-87fe-3f8fed5bdc22"
              }
            ],
            "name": "cloud-run-exec",
            "project": "nuttee-lab-02",
            "status": [
              {
                "conditions": [
                  {
                    "message": "",
                    "reason": "",
                    "status": "True",
                    "type": "Ready"
                  },
                  {
                    "message": "",
                    "reason": "",
                    "status": "True",
                    "type": "ConfigurationsReady"
                  },
                  {
                    "message": "",
                    "reason": "",
                    "status": "True",
                    "type": "RoutesReady"
                  }
                ],
                "latest_created_revision_name": "cloud-run-exec-v64qq",
                "latest_ready_revision_name": "cloud-run-exec-v64qq",
                "observed_generation": 2,
                "url": "https://cloud-run-exec-eximi56q2q-as.a.run.app"
              }
            ],
            "template": [
              {
                "metadata": [
                  {
                    "annotations": {
                      "autoscaling.knative.dev/maxScale": "1",
                      "autoscaling.knative.dev/minScale": "0"
                    },
                    "generation": 0,
                    "labels": {
                      "app": "cloud-run-exec",
                      "environment": "production"
                    },
                    "name": "",
                    "namespace": "",
                    "resource_version": "",
                    "self_link": "",
                    "uid": ""
                  }
                ],
                "spec": [
                  {
                    "container_concurrency": 80,
                    "containers": [
                      {
                        "args": [],
                        "command": [],
                        "env": [
                          {
                            "name": "BUCKET",
                            "value": "nuttee-lab-02-cloudrun-report",
                            "value_from": []
                          },
                          {
                            "name": "BUCKET_PATH",
                            "value": "reports/",
                            "value_from": []
                          }
                        ],
                        "env_from": [],
                        "image": "gcr.io/nuttee-lab-02/cloud-run-exec",
                        "ports": [
                          {
                            "container_port": 8080,
                            "name": "http1",
                            "protocol": ""
                          }
                        ],
                        "resources": [
                          {
                            "limits": {
                              "cpu": "1000m",
                              "memory": "1Gi"
                            },
                            "requests": {}
                          }
                        ],
                        "volume_mounts": [],
                        "working_dir": ""
                      }
                    ],
                    "service_account_name": "cloudrun-sa@nuttee-lab-02.iam.gserviceaccount.com",
                    "serving_state": "",
                    "timeout_seconds": 300,
                    "volumes": []
                  }
                ]
              }
            ],
            "timeouts": null,
            "traffic": [
              {
                "latest_revision": true,
                "percent": 100,
                "revision_name": "",
                "tag": "",
                "url": ""
              }
            ]
          },
          "sensitive_attributes": [],
          "private": "eyJlMmJmYjczMC1lY2FhLTExZTYtOGY4OC0zNDM2M2JjN2M0YzAiOnsiY3JlYXRlIjoxMjAwMDAwMDAwMDAwLCJkZWxldGUiOjEyMDAwMDAwMDAwMDAsInVwZGF0ZSI6MTIwMDAwMDAwMDAwMH0sInNjaGVtYV92ZXJzaW9uIjoiMSJ9",
          "dependencies": [
            "google_project_service.run_api",
            "google_service_account.cloudrun",
            "google_storage_bucket.report_bucket",
            "google_storage_bucket_iam_member.cloudrun_gcs_iam"
          ]
        }
      ]
    },
    {
      "mode": "managed",
      "type": "google_cloud_run_service_iam_member",
      "name": "cloudrun-scheduler",
      "provider": "provider[\"registry.terraform.io/hashicorp/google\"]",
      "instances": [
        {
          "schema_version": 0,
          "attributes": {
            "condition": [],
            "etag": "BwXnT7BMDGs=",
            "id": "v1/projects/nuttee-lab-02/locations/asia-southeast1/services/cloud-run-exec/roles/run.invoker/serviceAccount:cloudrun-scheduler-sa@nuttee-lab-02.iam.gserviceaccount.com",
            "location": "asia-southeast1",
            "member": "serviceAccount:cloudrun-scheduler-sa@nuttee-lab-02.iam.gserviceaccount.com",
            "project": "nuttee-lab-02",
            "role": "roles/run.invoker",
            "service": "v1/projects/nuttee-lab-02/locations/asia-southeast1/services/cloud-run-exec"
          },
          "sensitive_attributes": [],
          "private": "bnVsbA==",
          "dependencies": [
            "google_cloud_run_service.default",
            "google_project_service.iam_api",
            "google_project_service.run_api",
            "google_service_account.cloudrun",
            "google_service_account.cloudrun-scheduler",
            "google_storage_bucket.report_bucket",
            "google_storage_bucket_iam_member.cloudrun_gcs_iam"
          ]
        }
      ]
    },
    {
      "mode": "managed",
      "type": "google_cloud_scheduler_job",
      "name": "default",
      "provider": "provider[\"registry.terraform.io/hashicorp/google\"]",
      "instances": [
        {
          "schema_version": 0,
          "attributes": {
            "app_engine_http_target": [],
            "attempt_deadline": "320s",
            "description": "Invoke a Cloud Run container on a schedule.",
            "http_target": [
              {
                "body": "L2hvbWUvY2xvdWRzZGsvcnVuLnNo",
                "headers": {
                  "Content-Type": "text/plain"
                },
                "http_method": "POST",
                "oauth_token": [],
                "oidc_token": [
                  {
                    "audience": "https://cloud-run-exec-eximi56q2q-as.a.run.app/exec",
                    "service_account_email": "cloudrun-scheduler-sa@nuttee-lab-02.iam.gserviceaccount.com"
                  }
                ],
                "uri": "https://cloud-run-exec-eximi56q2q-as.a.run.app/exec"
              }
            ],
            "id": "projects/nuttee-lab-02/locations/asia-southeast1/jobs/scheduled-cloud-run-job",
            "name": "scheduled-cloud-run-job",
            "paused": false,
            "project": "nuttee-lab-02",
            "pubsub_target": [],
            "region": "asia-southeast1",
            "retry_config": [
              {
                "max_backoff_duration": "3600s",
                "max_doublings": 5,
                "max_retry_duration": "0s",
                "min_backoff_duration": "5s",
                "retry_count": 3
              }
            ],
            "schedule": "*/5 * * * *",
            "state": "ENABLED",
            "time_zone": "Asia/Bangkok",
            "timeouts": null
          },
          "sensitive_attributes": [],
          "private": "eyJlMmJmYjczMC1lY2FhLTExZTYtOGY4OC0zNDM2M2JjN2M0YzAiOnsiY3JlYXRlIjoxMjAwMDAwMDAwMDAwLCJkZWxldGUiOjEyMDAwMDAwMDAwMDAsInVwZGF0ZSI6MTIwMDAwMDAwMDAwMH19",
          "dependencies": [
            "google_cloud_run_service.default",
            "google_project_service.iam_api",
            "google_project_service.run_api",
            "google_project_service.scheduler_api",
            "google_service_account.cloudrun",
            "google_service_account.cloudrun-scheduler",
            "google_storage_bucket.report_bucket",
            "google_storage_bucket_iam_member.cloudrun_gcs_iam"
          ]
        }
      ]
    },
    {
      "mode": "managed",
      "type": "google_project_iam_member",
      "name": "cloudrun",
      "provider": "provider[\"registry.terraform.io/hashicorp/google\"]",
      "instances": [
        {
          "index_key": "roles/artifactregistry.reader",
          "schema_version": 0,
          "attributes": {
            "condition": [],
            "etag": "BwXnT3FMCyA=",
            "id": "nuttee-lab-02/roles/artifactregistry.reader/serviceAccount:cloudrun-sa@nuttee-lab-02.iam.gserviceaccount.com",
            "member": "serviceAccount:cloudrun-sa@nuttee-lab-02.iam.gserviceaccount.com",
            "project": "nuttee-lab-02",
            "role": "roles/artifactregistry.reader"
          },
          "sensitive_attributes": [],
          "private": "bnVsbA==",
          "dependencies": [
            "google_project_service.iam_api",
            "google_service_account.cloudrun"
          ]
        },
        {
          "index_key": "roles/logging.logWriter",
          "schema_version": 0,
          "attributes": {
            "condition": [],
            "etag": "BwXnT3FMCyA=",
            "id": "nuttee-lab-02/roles/logging.logWriter/serviceAccount:cloudrun-sa@nuttee-lab-02.iam.gserviceaccount.com",
            "member": "serviceAccount:cloudrun-sa@nuttee-lab-02.iam.gserviceaccount.com",
            "project": "nuttee-lab-02",
            "role": "roles/logging.logWriter"
          },
          "sensitive_attributes": [],
          "private": "bnVsbA==",
          "dependencies": [
            "google_project_service.iam_api",
            "google_service_account.cloudrun"
          ]
        },
        {
          "index_key": "roles/monitoring.metricWriter",
          "schema_version": 0,
          "attributes": {
            "condition": [],
            "etag": "BwXnT3FMCyA=",
            "id": "nuttee-lab-02/roles/monitoring.metricWriter/serviceAccount:cloudrun-sa@nuttee-lab-02.iam.gserviceaccount.com",
            "member": "serviceAccount:cloudrun-sa@nuttee-lab-02.iam.gserviceaccount.com",
            "project": "nuttee-lab-02",
            "role": "roles/monitoring.metricWriter"
          },
          "sensitive_attributes": [],
          "private": "bnVsbA==",
          "dependencies": [
            "google_project_service.iam_api",
            "google_service_account.cloudrun"
          ]
        },
        {
          "index_key": "roles/monitoring.viewer",
          "schema_version": 0,
          "attributes": {
            "condition": [],
            "etag": "BwXnT3FMCyA=",
            "id": "nuttee-lab-02/roles/monitoring.viewer/serviceAccount:cloudrun-sa@nuttee-lab-02.iam.gserviceaccount.com",
            "member": "serviceAccount:cloudrun-sa@nuttee-lab-02.iam.gserviceaccount.com",
            "project": "nuttee-lab-02",
            "role": "roles/monitoring.viewer"
          },
          "sensitive_attributes": [],
          "private": "bnVsbA==",
          "dependencies": [
            "google_project_service.iam_api",
            "google_service_account.cloudrun"
          ]
        },
        {
          "index_key": "roles/stackdriver.resourceMetadata.writer",
          "schema_version": 0,
          "attributes": {
            "condition": [],
            "etag": "BwXnT3FMCyA=",
            "id": "nuttee-lab-02/roles/stackdriver.resourceMetadata.writer/serviceAccount:cloudrun-sa@nuttee-lab-02.iam.gserviceaccount.com",
            "member": "serviceAccount:cloudrun-sa@nuttee-lab-02.iam.gserviceaccount.com",
            "project": "nuttee-lab-02",
            "role": "roles/stackdriver.resourceMetadata.writer"
          },
          "sensitive_attributes": [],
          "private": "bnVsbA==",
          "dependencies": [
            "google_project_service.iam_api",
            "google_service_account.cloudrun"
          ]
        },
        {
          "index_key": "roles/storage.objectViewer",
          "schema_version": 0,
          "attributes": {
            "condition": [],
            "etag": "BwXnT3FMCyA=",
            "id": "nuttee-lab-02/roles/storage.objectViewer/serviceAccount:cloudrun-sa@nuttee-lab-02.iam.gserviceaccount.com",
            "member": "serviceAccount:cloudrun-sa@nuttee-lab-02.iam.gserviceaccount.com",
            "project": "nuttee-lab-02",
            "role": "roles/storage.objectViewer"
          },
          "sensitive_attributes": [],
          "private": "bnVsbA==",
          "dependencies": [
            "google_project_service.iam_api",
            "google_service_account.cloudrun"
          ]
        }
      ]
    },
    {
      "mode": "managed",
      "type": "google_project_service",
      "name": "iam_api",
      "provider": "provider[\"registry.terraform.io/hashicorp/google\"]",
      "instances": [
        {
          "schema_version": 0,
          "attributes": {
            "disable_dependent_services": null,
            "disable_on_destroy": false,
            "id": "nuttee-lab-02/iam.googleapis.com",
            "project": "nuttee-lab-02",
            "service": "iam.googleapis.com",
            "timeouts": null
          },
          "sensitive_attributes": [],
          "private": "eyJlMmJmYjczMC1lY2FhLTExZTYtOGY4OC0zNDM2M2JjN2M0YzAiOnsiY3JlYXRlIjoxMjAwMDAwMDAwMDAwLCJkZWxldGUiOjEyMDAwMDAwMDAwMDAsInJlYWQiOjYwMDAwMDAwMDAwMCwidXBkYXRlIjoxMjAwMDAwMDAwMDAwfX0="
        }
      ]
    },
    {
      "mode": "managed",
      "type": "google_project_service",
      "name": "resource_manager_api",
      "provider": "provider[\"registry.terraform.io/hashicorp/google\"]",
      "instances": [
        {
          "schema_version": 0,
          "attributes": {
            "disable_dependent_services": null,
            "disable_on_destroy": false,
            "id": "nuttee-lab-02/cloudresourcemanager.googleapis.com",
            "project": "nuttee-lab-02",
            "service": "cloudresourcemanager.googleapis.com",
            "timeouts": null
          },
          "sensitive_attributes": [],
          "private": "eyJlMmJmYjczMC1lY2FhLTExZTYtOGY4OC0zNDM2M2JjN2M0YzAiOnsiY3JlYXRlIjoxMjAwMDAwMDAwMDAwLCJkZWxldGUiOjEyMDAwMDAwMDAwMDAsInJlYWQiOjYwMDAwMDAwMDAwMCwidXBkYXRlIjoxMjAwMDAwMDAwMDAwfX0="
        }
      ]
    },
    {
      "mode": "managed",
      "type": "google_project_service",
      "name": "run_api",
      "provider": "provider[\"registry.terraform.io/hashicorp/google\"]",
      "instances": [
        {
          "schema_version": 0,
          "attributes": {
            "disable_dependent_services": null,
            "disable_on_destroy": false,
            "id": "nuttee-lab-02/run.googleapis.com",
            "project": "nuttee-lab-02",
            "service": "run.googleapis.com",
            "timeouts": null
          },
          "sensitive_attributes": [],
          "private": "eyJlMmJmYjczMC1lY2FhLTExZTYtOGY4OC0zNDM2M2JjN2M0YzAiOnsiY3JlYXRlIjoxMjAwMDAwMDAwMDAwLCJkZWxldGUiOjEyMDAwMDAwMDAwMDAsInJlYWQiOjYwMDAwMDAwMDAwMCwidXBkYXRlIjoxMjAwMDAwMDAwMDAwfX0="
        }
      ]
    },
    {
      "mode": "managed",
      "type": "google_project_service",
      "name": "scheduler_api",
      "provider": "provider[\"registry.terraform.io/hashicorp/google\"]",
      "instances": [
        {
          "schema_version": 0,
          "attributes": {
            "disable_dependent_services": null,
            "disable_on_destroy": false,
            "id": "nuttee-lab-02/cloudscheduler.googleapis.com",
            "project": "nuttee-lab-02",
            "service": "cloudscheduler.googleapis.com",
            "timeouts": null
          },
          "sensitive_attributes": [],
          "private": "eyJlMmJmYjczMC1lY2FhLTExZTYtOGY4OC0zNDM2M2JjN2M0YzAiOnsiY3JlYXRlIjoxMjAwMDAwMDAwMDAwLCJkZWxldGUiOjEyMDAwMDAwMDAwMDAsInJlYWQiOjYwMDAwMDAwMDAwMCwidXBkYXRlIjoxMjAwMDAwMDAwMDAwfX0="
        }
      ]
    },
    {
      "mode": "managed",
      "type": "google_service_account",
      "name": "cloudrun",
      "provider": "provider[\"registry.terraform.io/hashicorp/google\"]",
      "instances": [
        {
          "schema_version": 0,
          "attributes": {
            "account_id": "cloudrun-sa",
            "description": "Cloud Run Exec service account; used to run a report and upload to gcs",
            "disabled": false,
            "display_name": "cloudrun-sa",
            "email": "cloudrun-sa@nuttee-lab-02.iam.gserviceaccount.com",
            "id": "projects/nuttee-lab-02/serviceAccounts/cloudrun-sa@nuttee-lab-02.iam.gserviceaccount.com",
            "name": "projects/nuttee-lab-02/serviceAccounts/cloudrun-sa@nuttee-lab-02.iam.gserviceaccount.com",
            "project": "nuttee-lab-02",
            "timeouts": null,
            "unique_id": "110020837438648743969"
          },
          "sensitive_attributes": [],
          "private": "eyJlMmJmYjczMC1lY2FhLTExZTYtOGY4OC0zNDM2M2JjN2M0YzAiOnsiY3JlYXRlIjozMDAwMDAwMDAwMDB9fQ==",
          "dependencies": [
            "google_project_service.iam_api"
          ]
        }
      ]
    },
    {
      "mode": "managed",
      "type": "google_service_account",
      "name": "cloudrun-scheduler",
      "provider": "provider[\"registry.terraform.io/hashicorp/google\"]",
      "instances": [
        {
          "schema_version": 0,
          "attributes": {
            "account_id": "cloudrun-scheduler-sa",
            "description": "Cloud Scheduler service account; used to trigger scheduled Cloud Run jobs.",
            "disabled": false,
            "display_name": "cloudrun-scheduler-sa",
            "email": "cloudrun-scheduler-sa@nuttee-lab-02.iam.gserviceaccount.com",
            "id": "projects/nuttee-lab-02/serviceAccounts/cloudrun-scheduler-sa@nuttee-lab-02.iam.gserviceaccount.com",
            "name": "projects/nuttee-lab-02/serviceAccounts/cloudrun-scheduler-sa@nuttee-lab-02.iam.gserviceaccount.com",
            "project": "nuttee-lab-02",
            "timeouts": null,
            "unique_id": "118390994283552936716"
          },
          "sensitive_attributes": [],
          "private": "eyJlMmJmYjczMC1lY2FhLTExZTYtOGY4OC0zNDM2M2JjN2M0YzAiOnsiY3JlYXRlIjozMDAwMDAwMDAwMDB9fQ==",
          "dependencies": [
            "google_project_service.iam_api"
          ]
        }
      ]
    },
    {
      "mode": "managed",
      "type": "google_storage_bucket",
      "name": "report_bucket",
      "provider": "provider[\"registry.terraform.io/hashicorp/google\"]",
      "instances": [
        {
          "schema_version": 0,
          "attributes": {
            "cors": [],
            "default_event_based_hold": false,
            "encryption": [],
            "force_destroy": false,
            "id": "nuttee-lab-02-cloudrun-report",
            "labels": {},
            "lifecycle_rule": [],
            "location": "ASIA-SOUTHEAST1",
            "logging": [],
            "name": "nuttee-lab-02-cloudrun-report",
            "project": "nuttee-lab-02",
            "requester_pays": false,
            "retention_policy": [],
            "self_link": "https://www.googleapis.com/storage/v1/b/nuttee-lab-02-cloudrun-report",
            "storage_class": "STANDARD",
            "timeouts": null,
            "uniform_bucket_level_access": true,
            "url": "gs://nuttee-lab-02-cloudrun-report",
            "versioning": [],
            "website": []
          },
          "sensitive_attributes": [],
          "private": "eyJlMmJmYjczMC1lY2FhLTExZTYtOGY4OC0zNDM2M2JjN2M0YzAiOnsiY3JlYXRlIjoyNDAwMDAwMDAwMDAsInJlYWQiOjI0MDAwMDAwMDAwMCwidXBkYXRlIjoyNDAwMDAwMDAwMDB9fQ=="
        }
      ]
    },
    {
      "mode": "managed",
      "type": "google_storage_bucket_iam_member",
      "name": "cloudrun_gcs_iam",
      "provider": "provider[\"registry.terraform.io/hashicorp/google\"]",
      "instances": [
        {
          "schema_version": 0,
          "attributes": {
            "bucket": "b/nuttee-lab-02-cloudrun-report",
            "condition": [],
            "etag": "CAI=",
            "id": "b/nuttee-lab-02-cloudrun-report/roles/storage.admin/serviceAccount:cloudrun-sa@nuttee-lab-02.iam.gserviceaccount.com",
            "member": "serviceAccount:cloudrun-sa@nuttee-lab-02.iam.gserviceaccount.com",
            "role": "roles/storage.admin"
          },
          "sensitive_attributes": [],
          "private": "bnVsbA==",
          "dependencies": [
            "google_project_service.iam_api",
            "google_service_account.cloudrun",
            "google_storage_bucket.report_bucket"
          ]
        }
      ]
    }
  ]
}
